
Microsoft Visual Studio Solution File, Format Version 12.00
# Visual Studio Version 16
VisualStudioVersion = 16.0.29411.108
MinimumVisualStudioVersion = 10.0.40219.1
Project("{FAE04EC0-301F-11D3-BF4B-00C04F79EFBC}") = "MAD_Lab1_Program1", "MAD_Projects\MAD_Lab1_Program1.csproj", "{2CF8A65F-AC6A-4207-A64C-07272A59B62F}"
EndProject
Project("{FAE04EC0-301F-11D3-BF4B-00C04F79EFBC}") = "MAD_Lab1_Program2", "MAD_Lab1_Program2\MAD_Lab1_Program2.csproj", "{0C98D42C-1DCD-408A-BB6F-2F7EED6C4073}"
EndProject
Global
	GlobalSection(SolutionConfigurationPlatforms) = preSolution
		Debug|Any CPU = Debug|Any CPU
		Release|Any CPU = Release|Any CPU
	EndGlobalSection
	GlobalSection(ProjectConfigurationPlatforms) = postSolution
		{2CF8A65F-AC6A-4207-A64C-07272A59B62F}.Debug|Any CPU.ActiveCfg = Debug|Any CPU
		{2CF8A65F-AC6A-4207-A64C-07272A59B62F}.Debug|Any CPU.Build.0 = Debug|Any CPU
		{2CF8A65F-AC6A-4207-A64C-07272A59B62F}.Release|Any CPU.ActiveCfg = Release|Any CPU
		{2CF8A65F-AC6A-4207-A64C-07272A59B62F}.Release|Any CPU.Build.0 = Release|Any CPU
		{0C98D42C-1DCD-408A-BB6F-2F7EED6C4073}.Debug|Any CPU.ActiveCfg = Debug|Any CPU
		{0C98D42C-1DCD-408A-BB6F-2F7EED6C4073}.Debug|Any CPU.Build.0 = Debug|Any CPU
		{0C98D42C-1DCD-408A-BB6F-2F7EED6C4073}.Release|Any CPU.ActiveCfg = Release|Any CPU
		{0C98D42C-1DCD-408A-BB6F-2F7EED6C4073}.Release|Any CPU.Build.0 = Release|Any CPU
	EndGlobalSection
	GlobalSection(SolutionProperties) = preSolution
		HideSolutionNode = FALSE
	EndGlobalSection
	GlobalSection(ExtensibilityGlobals) = postSolution
		SolutionGuid = {31582301-9B87-4833-9347-333D070DDB21}
	EndGlobalSection
EndGlobal
